// !$*UTF8*$!
{
	archiveVersion = 1;
	classes = {
	};
	objectVersion = 56;
	objects = {

/* Begin PBXBuildFile section */
		48855FD72A95660500EEB73F /* AppDelegate.swift in Sources */ = {isa = PBXBuildFile; fileRef = 48855FD62A95660500EEB73F /* AppDelegate.swift */; };
		48855FD92A95660500EEB73F /* SceneDelegate.swift in Sources */ = {isa = PBXBuildFile; fileRef = 48855FD82A95660500EEB73F /* SceneDelegate.swift */; };
		48855FDB2A95660500EEB73F /* RMTabBarViewController.swift in Sources */ = {isa = PBXBuildFile; fileRef = 48855FDA2A95660500EEB73F /* RMTabBarViewController.swift */; };
		48855FE02A95660700EEB73F /* Assets.xcassets in Resources */ = {isa = PBXBuildFile; fileRef = 48855FDF2A95660700EEB73F /* Assets.xcassets */; };
		48855FE32A95660700EEB73F /* LaunchScreen.storyboard in Resources */ = {isa = PBXBuildFile; fileRef = 48855FE12A95660700EEB73F /* LaunchScreen.storyboard */; };
		48855FF22A956A0400EEB73F /* RMLocation.swift in Sources */ = {isa = PBXBuildFile; fileRef = 48855FF12A956A0400EEB73F /* RMLocation.swift */; };
		48855FF42A956A2000EEB73F /* RMCharacter.swift in Sources */ = {isa = PBXBuildFile; fileRef = 48855FF32A956A2000EEB73F /* RMCharacter.swift */; };
		48855FF62A956A2F00EEB73F /* RMEpisode.swift in Sources */ = {isa = PBXBuildFile; fileRef = 48855FF52A956A2F00EEB73F /* RMEpisode.swift */; };
		48855FF92A956B7C00EEB73F /* RMCharacterViewController.swift in Sources */ = {isa = PBXBuildFile; fileRef = 48855FF82A956B7C00EEB73F /* RMCharacterViewController.swift */; };
		48855FFB2A956BA700EEB73F /* RMLocationViewController.swift in Sources */ = {isa = PBXBuildFile; fileRef = 48855FFA2A956BA700EEB73F /* RMLocationViewController.swift */; };
		48855FFD2A956BBE00EEB73F /* RMEpisodeViewController.swift in Sources */ = {isa = PBXBuildFile; fileRef = 48855FFC2A956BBE00EEB73F /* RMEpisodeViewController.swift */; };
		48855FFF2A956BE100EEB73F /* RMSettingsViewController.swift in Sources */ = {isa = PBXBuildFile; fileRef = 48855FFE2A956BE100EEB73F /* RMSettingsViewController.swift */; };
		488560012A95857300EEB73F /* RMSerivce.swift in Sources */ = {isa = PBXBuildFile; fileRef = 488560002A95857300EEB73F /* RMSerivce.swift */; };
		488560032A95858200EEB73F /* RMRequest.swift in Sources */ = {isa = PBXBuildFile; fileRef = 488560022A95858200EEB73F /* RMRequest.swift */; };
		488560072A95863300EEB73F /* RMEndpoint.swift in Sources */ = {isa = PBXBuildFile; fileRef = 488560062A95863300EEB73F /* RMEndpoint.swift */; };
/* End PBXBuildFile section */

/* Begin PBXFileReference section */
		48855FD32A95660500EEB73F /* RickAndMorty.app */ = {isa = PBXFileReference; explicitFileType = wrapper.application; includeInIndex = 0; path = RickAndMorty.app; sourceTree = BUILT_PRODUCTS_DIR; };
		48855FD62A95660500EEB73F /* AppDelegate.swift */ = {isa = PBXFileReference; lastKnownFileType = sourcecode.swift; path = AppDelegate.swift; sourceTree = "<group>"; };
		48855FD82A95660500EEB73F /* SceneDelegate.swift */ = {isa = PBXFileReference; lastKnownFileType = sourcecode.swift; path = SceneDelegate.swift; sourceTree = "<group>"; };
		48855FDA2A95660500EEB73F /* RMTabBarViewController.swift */ = {isa = PBXFileReference; lastKnownFileType = sourcecode.swift; path = RMTabBarViewController.swift; sourceTree = "<group>"; };
		48855FDF2A95660700EEB73F /* Assets.xcassets */ = {isa = PBXFileReference; lastKnownFileType = folder.assetcatalog; path = Assets.xcassets; sourceTree = "<group>"; };
		48855FE22A95660700EEB73F /* Base */ = {isa = PBXFileReference; lastKnownFileType = file.storyboard; name = Base; path = Base.lproj/LaunchScreen.storyboard; sourceTree = "<group>"; };
		48855FE42A95660700EEB73F /* Info.plist */ = {isa = PBXFileReference; lastKnownFileType = text.plist.xml; path = Info.plist; sourceTree = "<group>"; };
		48855FF12A956A0400EEB73F /* RMLocation.swift */ = {isa = PBXFileReference; lastKnownFileType = sourcecode.swift; path = RMLocation.swift; sourceTree = "<group>"; };
		48855FF32A956A2000EEB73F /* RMCharacter.swift */ = {isa = PBXFileReference; lastKnownFileType = sourcecode.swift; path = RMCharacter.swift; sourceTree = "<group>"; };
		48855FF52A956A2F00EEB73F /* RMEpisode.swift */ = {isa = PBXFileReference; lastKnownFileType = sourcecode.swift; path = RMEpisode.swift; sourceTree = "<group>"; };
		48855FF82A956B7C00EEB73F /* RMCharacterViewController.swift */ = {isa = PBXFileReference; lastKnownFileType = sourcecode.swift; path = RMCharacterViewController.swift; sourceTree = "<group>"; };
		48855FFA2A956BA700EEB73F /* RMLocationViewController.swift */ = {isa = PBXFileReference; lastKnownFileType = sourcecode.swift; path = RMLocationViewController.swift; sourceTree = "<group>"; };
		48855FFC2A956BBE00EEB73F /* RMEpisodeViewController.swift */ = {isa = PBXFileReference; lastKnownFileType = sourcecode.swift; path = RMEpisodeViewController.swift; sourceTree = "<group>"; };
		48855FFE2A956BE100EEB73F /* RMSettingsViewController.swift */ = {isa = PBXFileReference; lastKnownFileType = sourcecode.swift; path = RMSettingsViewController.swift; sourceTree = "<group>"; };
		488560002A95857300EEB73F /* RMSerivce.swift */ = {isa = PBXFileReference; lastKnownFileType = sourcecode.swift; path = RMSerivce.swift; sourceTree = "<group>"; };
		488560022A95858200EEB73F /* RMRequest.swift */ = {isa = PBXFileReference; lastKnownFileType = sourcecode.swift; path = RMRequest.swift; sourceTree = "<group>"; };
		488560062A95863300EEB73F /* RMEndpoint.swift */ = {isa = PBXFileReference; lastKnownFileType = sourcecode.swift; path = RMEndpoint.swift; sourceTree = "<group>"; };
/* End PBXFileReference section */

/* Begin PBXFrameworksBuildPhase section */
		48855FD02A95660500EEB73F /* Frameworks */ = {
			isa = PBXFrameworksBuildPhase;
			buildActionMask = 2147483647;
			files = (
			);
			runOnlyForDeploymentPostprocessing = 0;
		};
/* End PBXFrameworksBuildPhase section */

/* Begin PBXGroup section */
		48855FCA2A95660500EEB73F = {
			isa = PBXGroup;
			children = (
				48855FD52A95660500EEB73F /* RickAndMorty */,
				48855FD42A95660500EEB73F /* Products */,
			);
			sourceTree = "<group>";
		};
		48855FD42A95660500EEB73F /* Products */ = {
			isa = PBXGroup;
			children = (
				48855FD32A95660500EEB73F /* RickAndMorty.app */,
			);
			name = Products;
			sourceTree = "<group>";
		};
		48855FD52A95660500EEB73F /* RickAndMorty */ = {
			isa = PBXGroup;
			children = (
				48855FF02A9568AD00EEB73F /* Resources */,
				48855FEF2A95689E00EEB73F /* APIClient */,
				48855FEE2A95688600EEB73F /* Managers */,
				48855FED2A95687F00EEB73F /* ViewModels */,
				48855FEC2A95687800EEB73F /* Views */,
				48855FEB2A95687200EEB73F /* Models */,
				48855FEA2A95686900EEB73F /* Controllers */,
				48855FE42A95660700EEB73F /* Info.plist */,
			);
			path = RickAndMorty;
			sourceTree = "<group>";
		};
		48855FEA2A95686900EEB73F /* Controllers */ = {
			isa = PBXGroup;
			children = (
				48855FF72A956B1400EEB73F /* Core */,
			);
			path = Controllers;
			sourceTree = "<group>";
		};
		48855FEB2A95687200EEB73F /* Models */ = {
			isa = PBXGroup;
			children = (
				48855FF32A956A2000EEB73F /* RMCharacter.swift */,
				48855FF52A956A2F00EEB73F /* RMEpisode.swift */,
				48855FF12A956A0400EEB73F /* RMLocation.swift */,
			);
			path = Models;
			sourceTree = "<group>";
		};
		48855FEC2A95687800EEB73F /* Views */ = {
			isa = PBXGroup;
			children = (
			);
			path = Views;
			sourceTree = "<group>";
		};
		48855FED2A95687F00EEB73F /* ViewModels */ = {
			isa = PBXGroup;
			children = (
			);
			path = ViewModels;
			sourceTree = "<group>";
		};
		48855FEE2A95688600EEB73F /* Managers */ = {
			isa = PBXGroup;
			children = (
			);
			path = Managers;
			sourceTree = "<group>";
		};
		48855FEF2A95689E00EEB73F /* APIClient */ = {
			isa = PBXGroup;
			children = (
				488560002A95857300EEB73F /* RMSerivce.swift */,
				488560022A95858200EEB73F /* RMRequest.swift */,
				488560062A95863300EEB73F /* RMEndpoint.swift */,
			);
			path = APIClient;
			sourceTree = "<group>";
		};
		48855FF02A9568AD00EEB73F /* Resources */ = {
			isa = PBXGroup;
			children = (
				48855FD62A95660500EEB73F /* AppDelegate.swift */,
				48855FD82A95660500EEB73F /* SceneDelegate.swift */,
				48855FDF2A95660700EEB73F /* Assets.xcassets */,
				48855FE12A95660700EEB73F /* LaunchScreen.storyboard */,
			);
			path = Resources;
			sourceTree = "<group>";
		};
		48855FF72A956B1400EEB73F /* Core */ = {
			isa = PBXGroup;
			children = (
				48855FF82A956B7C00EEB73F /* RMCharacterViewController.swift */,
				48855FFC2A956BBE00EEB73F /* RMEpisodeViewController.swift */,
				48855FFA2A956BA700EEB73F /* RMLocationViewController.swift */,
				48855FFE2A956BE100EEB73F /* RMSettingsViewController.swift */,
				48855FDA2A95660500EEB73F /* RMTabBarViewController.swift */,
			);
			path = Core;
			sourceTree = "<group>";
		};
/* End PBXGroup section */

/* Begin PBXNativeTarget section */
		48855FD22A95660500EEB73F /* RickAndMorty */ = {
			isa = PBXNativeTarget;
			buildConfigurationList = 48855FE72A95660700EEB73F /* Build configuration list for PBXNativeTarget "RickAndMorty" */;
			buildPhases = (
				48855FCF2A95660500EEB73F /* Sources */,
				48855FD02A95660500EEB73F /* Frameworks */,
				48855FD12A95660500EEB73F /* Resources */,
			);
			buildRules = (
			);
			dependencies = (
			);
			name = RickAndMorty;
			productName = RickAndMorty;
			productReference = 48855FD32A95660500EEB73F /* RickAndMorty.app */;
			productType = "com.apple.product-type.application";
		};
/* End PBXNativeTarget section */

/* Begin PBXProject section */
		48855FCB2A95660500EEB73F /* Project object */ = {
			isa = PBXProject;
			attributes = {
				BuildIndependentTargetsInParallel = 1;
				LastSwiftUpdateCheck = 1420;
				LastUpgradeCheck = 1420;
				TargetAttributes = {
					48855FD22A95660500EEB73F = {
						CreatedOnToolsVersion = 14.2;
					};
				};
			};
			buildConfigurationList = 48855FCE2A95660500EEB73F /* Build configuration list for PBXProject "RickAndMorty" */;
			compatibilityVersion = "Xcode 14.0";
			developmentRegion = en;
			hasScannedForEncodings = 0;
			knownRegions = (
				en,
				Base,
			);
			mainGroup = 48855FCA2A95660500EEB73F;
			productRefGroup = 48855FD42A95660500EEB73F /* Products */;
			projectDirPath = "";
			projectRoot = "";
			targets = (
				48855FD22A95660500EEB73F /* RickAndMorty */,
			);
		};
/* End PBXProject section */

/* Begin PBXResourcesBuildPhase section */
		48855FD12A95660500EEB73F /* Resources */ = {
			isa = PBXResourcesBuildPhase;
			buildActionMask = 2147483647;
			files = (
				48855FE32A95660700EEB73F /* LaunchScreen.storyboard in Resources */,
				48855FE02A95660700EEB73F /* Assets.xcassets in Resources */,
			);
			runOnlyForDeploymentPostprocessing = 0;
		};
/* End PBXResourcesBuildPhase section */

/* Begin PBXSourcesBuildPhase section */
		48855FCF2A95660500EEB73F /* Sources */ = {
			isa = PBXSourcesBuildPhase;
			buildActionMask = 2147483647;
			files = (
				48855FFB2A956BA700EEB73F /* RMLocationViewController.swift in Sources */,
				48855FF62A956A2F00EEB73F /* RMEpisode.swift in Sources */,
				48855FDB2A95660500EEB73F /* RMTabBarViewController.swift in Sources */,
				48855FFD2A956BBE00EEB73F /* RMEpisodeViewController.swift in Sources */,
				48855FD72A95660500EEB73F /* AppDelegate.swift in Sources */,
				48855FD92A95660500EEB73F /* SceneDelegate.swift in Sources */,
				48855FFF2A956BE100EEB73F /* RMSettingsViewController.swift in Sources */,
				488560012A95857300EEB73F /* RMSerivce.swift in Sources */,
				48855FF22A956A0400EEB73F /* RMLocation.swift in Sources */,
				488560072A95863300EEB73F /* RMEndpoint.swift in Sources */,
				48855FF42A956A2000EEB73F /* RMCharacter.swift in Sources */,
				488560032A95858200EEB73F /* RMRequest.swift in Sources */,
				48855FF92A956B7C00EEB73F /* RMCharacterViewController.swift in Sources */,
			);
			runOnlyForDeploymentPostprocessing = 0;
		};
/* End PBXSourcesBuildPhase section */

/* Begin PBXVariantGroup section */
		48855FE12A95660700EEB73F /* LaunchScreen.storyboard */ = {
			isa = PBXVariantGroup;
			children = (
				48855FE22A95660700EEB73F /* Base */,
			);
			name = LaunchScreen.storyboard;
			sourceTree = "<group>";
		};
/* End PBXVariantGroup section */

/* Begin XCBuildConfiguration section */
		48855FE52A95660700EEB73F /* Debug */ = {
			isa = XCBuildConfiguration;
			buildSettings = {
				ALWAYS_SEARCH_USER_PATHS = NO;
				CLANG_ANALYZER_NONNULL = YES;
				CLANG_ANALYZER_NUMBER_OBJECT_CONVERSION = YES_AGGRESSIVE;
				CLANG_CXX_LANGUAGE_STANDARD = "gnu++20";
				CLANG_ENABLE_MODULES = YES;
				CLANG_ENABLE_OBJC_ARC = YES;
				CLANG_ENABLE_OBJC_WEAK = YES;
				CLANG_WARN_BLOCK_CAPTURE_AUTORELEASING = YES;
				CLANG_WARN_BOOL_CONVERSION = YES;
				CLANG_WARN_COMMA = YES;
				CLANG_WARN_CONSTANT_CONVERSION = YES;
				CLANG_WARN_DEPRECATED_OBJC_IMPLEMENTATIONS = YES;
				CLANG_WARN_DIRECT_OBJC_ISA_USAGE = YES_ERROR;
				CLANG_WARN_DOCUMENTATION_COMMENTS = YES;
				CLANG_WARN_EMPTY_BODY = YES;
				CLANG_WARN_ENUM_CONVERSION = YES;
				CLANG_WARN_INFINITE_RECURSION = YES;
				CLANG_WARN_INT_CONVERSION = YES;
				CLANG_WARN_NON_LITERAL_NULL_CONVERSION = YES;
				CLANG_WARN_OBJC_IMPLICIT_RETAIN_SELF = YES;
				CLANG_WARN_OBJC_LITERAL_CONVERSION = YES;
				CLANG_WARN_OBJC_ROOT_CLASS = YES_ERROR;
				CLANG_WARN_QUOTED_INCLUDE_IN_FRAMEWORK_HEADER = YES;
				CLANG_WARN_RANGE_LOOP_ANALYSIS = YES;
				CLANG_WARN_STRICT_PROTOTYPES = YES;
				CLANG_WARN_SUSPICIOUS_MOVE = YES;
				CLANG_WARN_UNGUARDED_AVAILABILITY = YES_AGGRESSIVE;
				CLANG_WARN_UNREACHABLE_CODE = YES;
				CLANG_WARN__DUPLICATE_METHOD_MATCH = YES;
				COPY_PHASE_STRIP = NO;
				DEBUG_INFORMATION_FORMAT = dwarf;
				ENABLE_STRICT_OBJC_MSGSEND = YES;
				ENABLE_TESTABILITY = YES;
				GCC_C_LANGUAGE_STANDARD = gnu11;
				GCC_DYNAMIC_NO_PIC = NO;
				GCC_NO_COMMON_BLOCKS = YES;
				GCC_OPTIMIZATION_LEVEL = 0;
				GCC_PREPROCESSOR_DEFINITIONS = (
					"DEBUG=1",
					"$(inherited)",
				);
				GCC_WARN_64_TO_32_BIT_CONVERSION = YES;
				GCC_WARN_ABOUT_RETURN_TYPE = YES_ERROR;
				GCC_WARN_UNDECLARED_SELECTOR = YES;
				GCC_WARN_UNINITIALIZED_AUTOS = YES_AGGRESSIVE;
				GCC_WARN_UNUSED_FUNCTION = YES;
				GCC_WARN_UNUSED_VARIABLE = YES;
				IPHONEOS_DEPLOYMENT_TARGET = 16.2;
				MTL_ENABLE_DEBUG_INFO = INCLUDE_SOURCE;
				MTL_FAST_MATH = YES;
				ONLY_ACTIVE_ARCH = YES;
				SDKROOT = iphoneos;
				SWIFT_ACTIVE_COMPILATION_CONDITIONS = DEBUG;
				SWIFT_OPTIMIZATION_LEVEL = "-Onone";
			};
			name = Debug;
		};
		48855FE62A95660700EEB73F /* Release */ = {
			isa = XCBuildConfiguration;
			buildSettings = {
				ALWAYS_SEARCH_USER_PATHS = NO;
				CLANG_ANALYZER_NONNULL = YES;
				CLANG_ANALYZER_NUMBER_OBJECT_CONVERSION = YES_AGGRESSIVE;
				CLANG_CXX_LANGUAGE_STANDARD = "gnu++20";
				CLANG_ENABLE_MODULES = YES;
				CLANG_ENABLE_OBJC_ARC = YES;
				CLANG_ENABLE_OBJC_WEAK = YES;
				CLANG_WARN_BLOCK_CAPTURE_AUTORELEASING = YES;
				CLANG_WARN_BOOL_CONVERSION = YES;
				CLANG_WARN_COMMA = YES;
				CLANG_WARN_CONSTANT_CONVERSION = YES;
				CLANG_WARN_DEPRECATED_OBJC_IMPLEMENTATIONS = YES;
				CLANG_WARN_DIRECT_OBJC_ISA_USAGE = YES_ERROR;
				CLANG_WARN_DOCUMENTATION_COMMENTS = YES;
				CLANG_WARN_EMPTY_BODY = YES;
				CLANG_WARN_ENUM_CONVERSION = YES;
				CLANG_WARN_INFINITE_RECURSION = YES;
				CLANG_WARN_INT_CONVERSION = YES;
				CLANG_WARN_NON_LITERAL_NULL_CONVERSION = YES;
				CLANG_WARN_OBJC_IMPLICIT_RETAIN_SELF = YES;
				CLANG_WARN_OBJC_LITERAL_CONVERSION = YES;
				CLANG_WARN_OBJC_ROOT_CLASS = YES_ERROR;
				CLANG_WARN_QUOTED_INCLUDE_IN_FRAMEWORK_HEADER = YES;
				CLANG_WARN_RANGE_LOOP_ANALYSIS = YES;
				CLANG_WARN_STRICT_PROTOTYPES = YES;
				CLANG_WARN_SUSPICIOUS_MOVE = YES;
				CLANG_WARN_UNGUARDED_AVAILABILITY = YES_AGGRESSIVE;
				CLANG_WARN_UNREACHABLE_CODE = YES;
				CLANG_WARN__DUPLICATE_METHOD_MATCH = YES;
				COPY_PHASE_STRIP = NO;
				DEBUG_INFORMATION_FORMAT = "dwarf-with-dsym";
				ENABLE_NS_ASSERTIONS = NO;
				ENABLE_STRICT_OBJC_MSGSEND = YES;
				GCC_C_LANGUAGE_STANDARD = gnu11;
				GCC_NO_COMMON_BLOCKS = YES;
				GCC_WARN_64_TO_32_BIT_CONVERSION = YES;
				GCC_WARN_ABOUT_RETURN_TYPE = YES_ERROR;
				GCC_WARN_UNDECLARED_SELECTOR = YES;
				GCC_WARN_UNINITIALIZED_AUTOS = YES_AGGRESSIVE;
				GCC_WARN_UNUSED_FUNCTION = YES;
				GCC_WARN_UNUSED_VARIABLE = YES;
				IPHONEOS_DEPLOYMENT_TARGET = 16.2;
				MTL_ENABLE_DEBUG_INFO = NO;
				MTL_FAST_MATH = YES;
				SDKROOT = iphoneos;
				SWIFT_COMPILATION_MODE = wholemodule;
				SWIFT_OPTIMIZATION_LEVEL = "-O";
				VALIDATE_PRODUCT = YES;
			};
			name = Release;
		};
		48855FE82A95660700EEB73F /* Debug */ = {
			isa = XCBuildConfiguration;
			buildSettings = {
				ASSETCATALOG_COMPILER_APPICON_NAME = AppIcon;
				ASSETCATALOG_COMPILER_GLOBAL_ACCENT_COLOR_NAME = AccentColor;
				CODE_SIGN_STYLE = Automatic;
				CURRENT_PROJECT_VERSION = 1;
				DEVELOPMENT_TEAM = LX4RJK2S2B;
				GENERATE_INFOPLIST_FILE = YES;
				INFOPLIST_FILE = RickAndMorty/Info.plist;
				INFOPLIST_KEY_UIApplicationSupportsIndirectInputEvents = YES;
				INFOPLIST_KEY_UILaunchStoryboardName = LaunchScreen;
				INFOPLIST_KEY_UISupportedInterfaceOrientations_iPad = "UIInterfaceOrientationPortrait UIInterfaceOrientationPortraitUpsideDown UIInterfaceOrientationLandscapeLeft UIInterfaceOrientationLandscapeRight";
				INFOPLIST_KEY_UISupportedInterfaceOrientations_iPhone = "UIInterfaceOrientationPortrait UIInterfaceOrientationLandscapeLeft UIInterfaceOrientationLandscapeRight";
				LD_RUNPATH_SEARCH_PATHS = (
					"$(inherited)",
					"@executable_path/Frameworks",
				);
				MARKETING_VERSION = 1.0;
				PRODUCT_BUNDLE_IDENTIFIER = io.iosacademy.RickAndMorty;
				PRODUCT_NAME = "$(TARGET_NAME)";
				SWIFT_EMIT_LOC_STRINGS = YES;
				SWIFT_VERSION = 5.0;
				TARGETED_DEVICE_FAMILY = "1,2";
			};
			name = Debug;
		};
		48855FE92A95660700EEB73F /* Release */ = {
			isa = XCBuildConfiguration;
			buildSettings = {
				ASSETCATALOG_COMPILER_APPICON_NAME = AppIcon;
				ASSETCATALOG_COMPILER_GLOBAL_ACCENT_COLOR_NAME = AccentColor;
				CODE_SIGN_STYLE = Automatic;
				CURRENT_PROJECT_VERSION = 1;
				DEVELOPMENT_TEAM = LX4RJK2S2B;
				GENERATE_INFOPLIST_FILE = YES;
				INFOPLIST_FILE = RickAndMorty/Info.plist;
				INFOPLIST_KEY_UIApplicationSupportsIndirectInputEvents = YES;
				INFOPLIST_KEY_UILaunchStoryboardName = LaunchScreen;
				INFOPLIST_KEY_UISupportedInterfaceOrientations_iPad = "UIInterfaceOrientationPortrait UIInterfaceOrientationPortraitUpsideDown UIInterfaceOrientationLandscapeLeft UIInterfaceOrientationLandscapeRight";
				INFOPLIST_KEY_UISupportedInterfaceOrientations_iPhone = "UIInterfaceOrientationPortrait UIInterfaceOrientationLandscapeLeft UIInterfaceOrientationLandscapeRight";
				LD_RUNPATH_SEARCH_PATHS = (
					"$(inherited)",
					"@executable_path/Frameworks",
				);
				MARKETING_VERSION = 1.0;
				PRODUCT_BUNDLE_IDENTIFIER = io.iosacademy.RickAndMorty;
				PRODUCT_NAME = "$(TARGET_NAME)";
				SWIFT_EMIT_LOC_STRINGS = YES;
				SWIFT_VERSION = 5.0;
				TARGETED_DEVICE_FAMILY = "1,2";
			};
			name = Release;
		};
/* End XCBuildConfiguration section */

/* Begin XCConfigurationList section */
		48855FCE2A95660500EEB73F /* Build configuration list for PBXProject "RickAndMorty" */ = {
			isa = XCConfigurationList;
			buildConfigurations = (
				48855FE52A95660700EEB73F /* Debug */,
				48855FE62A95660700EEB73F /* Release */,
			);
			defaultConfigurationIsVisible = 0;
			defaultConfigurationName = Release;
		};
		48855FE72A95660700EEB73F /* Build configuration list for PBXNativeTarget "RickAndMorty" */ = {
			isa = XCConfigurationList;
			buildConfigurations = (
				48855FE82A95660700EEB73F /* Debug */,
				48855FE92A95660700EEB73F /* Release */,
			);
			defaultConfigurationIsVisible = 0;
			defaultConfigurationName = Release;
		};
/* End XCConfigurationList section */
	};
	rootObject = 48855FCB2A95660500EEB73F /* Project object */;
}
